
Microsoft Visual Studio Solution File, Format Version 12.00
# Visual Studio Version 17
VisualStudioVersion = 17.14.36518.9
MinimumVisualStudioVersion = 10.0.40219.1
Project("{2150E333-8FDC-42A3-9474-1A3956D46DE8}") = "Task0", "Task0", "{02EA681E-C7D8-13C7-8484-4AC65E1B71E8}"
EndProject
Project("{FAE04EC0-301F-11D3-BF4B-00C04F79EFBC}") = "Tyuiu.BalinVV.Sprint0.Task0.V0", "Tyuiu.BalinVV.Sprint0.Task0.V0\Tyuiu.BalinVV.Sprint0.Task0.V0.csproj", "{CEA44071-845B-4194-B50E-21DF3BAE2D6F}"
EndProject
Project("{2150E333-8FDC-42A3-9474-1A3956D46DE8}") = "Task1", "Task1", "{13E5B233-FA52-4BED-AAFA-E7C5EB4159CC}"
EndProject
Project("{FAE04EC0-301F-11D3-BF4B-00C04F79EFBC}") = "Tyuiu.BalinVV.Sprint0.Task1.V0", "Tyuiu.BalinVV.Sprint0.Task1.V0\Tyuiu.BalinVV.Sprint0.Task1.V0.csproj", "{77D17845-FB3B-42E0-A0BD-E12A42E1EE20}"
EndProject
Project("{2150E333-8FDC-42A3-9474-1A3956D46DE8}") = "Task2", "Task2", "{27233600-ADB3-4B24-BA43-2AD81D40A6E8}"
EndProject
Project("{FAE04EC0-301F-11D3-BF4B-00C04F79EFBC}") = "Tyuiu.BalinVV.Sprint0.Task2.V0", "Tyuiu.BalinVV.Sprint0.Task2.V0\Tyuiu.BalinVV.Sprint0.Task2.V0.csproj", "{D4C656BD-1B26-4F01-B2AB-E3243352EB31}"
EndProject
Project("{FAE04EC0-301F-11D3-BF4B-00C04F79EFBC}") = "Tyuiu.BalinVV.Sprint0.Task2.V0.Lib", "Tyuiu.BalinVV.Sprint0.Task2.V0.Lib\Tyuiu.BalinVV.Sprint0.Task2.V0.Lib.csproj", "{EDCDCA2F-F9E7-4E72-BA06-9CCC0E4DC2A6}"
EndProject
Project("{FAE04EC0-301F-11D3-BF4B-00C04F79EFBC}") = "Tyuiu.BalinVV.Sprint0.Task2.V0.Test", "Tyuiu.BalinVV.Sprint0.Task2.V0.Test\Tyuiu.BalinVV.Sprint0.Task2.V0.Test.csproj", "{8BD3ED5C-7597-4620-872A-7D11089DF5B1}"
EndProject
Project("{2150E333-8FDC-42A3-9474-1A3956D46DE8}") = "Task3", "Task3", "{BDA37E5B-9F28-4BD7-A58D-65DCA3E9CF52}"
EndProject
Project("{FAE04EC0-301F-11D3-BF4B-00C04F79EFBC}") = "Tyuiu.BalinVV.Sprint0.Task3.V0", "Tyuiu.BalinVV.Sprint0.Task3.V0\Tyuiu.BalinVV.Sprint0.Task3.V0.csproj", "{16FEA405-FD7E-412C-94CB-6C3EB816124C}"
EndProject
Project("{FAE04EC0-301F-11D3-BF4B-00C04F79EFBC}") = "Tyuiu.BalinVV.Sprint0.Task3.V0.Lib", "Tyuiu.BalinVV.Sprint0.Task3.V0.Lib\Tyuiu.BalinVV.Sprint0.Task3.V0.Lib.csproj", "{A46BA826-DE82-4387-BB8D-CE684C957121}"
EndProject
Project("{FAE04EC0-301F-11D3-BF4B-00C04F79EFBC}") = "Tyuiu.BalinVV.Sprint0.Task3.V0.Test", "Tyuiu.BalinVV.Sprint0.Task3.V0.Test\Tyuiu.BalinVV.Sprint0.Task3.V0.Test.csproj", "{F9BD576C-438A-4451-9BE3-3AFF00B2B9E9}"
EndProject
Project("{2150E333-8FDC-42A3-9474-1A3956D46DE8}") = "Task4", "Task4", "{B21F9488-8EDB-42D2-84FB-EE663C933874}"
EndProject
Project("{FAE04EC0-301F-11D3-BF4B-00C04F79EFBC}") = "Tyuiu.BalinVV.Sprint0.Task4.V0", "Tyuiu.BalinVV.Sprint0.Task4.V0\Tyuiu.BalinVV.Sprint0.Task4.V0.csproj", "{C2CB1065-EC92-4F50-BD87-1A6236BB61DF}"
EndProject
Project("{FAE04EC0-301F-11D3-BF4B-00C04F79EFBC}") = "Tyuiu.BalinVV.Sprint0.Task4.V0.Lib", "Tyuiu.BalinVV.Sprint0.Task4.V0.Lib\Tyuiu.BalinVV.Sprint0.Task4.V0.Lib.csproj", "{EC0ED6E5-4B2B-4DBA-9A16-DB78F05FF2D6}"
EndProject
Project("{FAE04EC0-301F-11D3-BF4B-00C04F79EFBC}") = "Tyuiu.BalinVV.Sprint0.Task4.V0.Test", "Tyuiu.BalinVV.Sprint0.Task4.V0.Test\Tyuiu.BalinVV.Sprint0.Task4.V0.Test.csproj", "{D91153CD-9D6F-481F-8382-3D6EB08D009C}"
EndProject
Global
	GlobalSection(SolutionConfigurationPlatforms) = preSolution
		Debug|Any CPU = Debug|Any CPU
		Release|Any CPU = Release|Any CPU
	EndGlobalSection
	GlobalSection(ProjectConfigurationPlatforms) = postSolution
		{CEA44071-845B-4194-B50E-21DF3BAE2D6F}.Debug|Any CPU.ActiveCfg = Debug|Any CPU
		{CEA44071-845B-4194-B50E-21DF3BAE2D6F}.Debug|Any CPU.Build.0 = Debug|Any CPU
		{CEA44071-845B-4194-B50E-21DF3BAE2D6F}.Release|Any CPU.ActiveCfg = Release|Any CPU
		{CEA44071-845B-4194-B50E-21DF3BAE2D6F}.Release|Any CPU.Build.0 = Release|Any CPU
		{77D17845-FB3B-42E0-A0BD-E12A42E1EE20}.Debug|Any CPU.ActiveCfg = Debug|Any CPU
		{77D17845-FB3B-42E0-A0BD-E12A42E1EE20}.Debug|Any CPU.Build.0 = Debug|Any CPU
		{77D17845-FB3B-42E0-A0BD-E12A42E1EE20}.Release|Any CPU.ActiveCfg = Release|Any CPU
		{77D17845-FB3B-42E0-A0BD-E12A42E1EE20}.Release|Any CPU.Build.0 = Release|Any CPU
		{D4C656BD-1B26-4F01-B2AB-E3243352EB31}.Debug|Any CPU.ActiveCfg = Debug|Any CPU
		{D4C656BD-1B26-4F01-B2AB-E3243352EB31}.Debug|Any CPU.Build.0 = Debug|Any CPU
		{D4C656BD-1B26-4F01-B2AB-E3243352EB31}.Release|Any CPU.ActiveCfg = Release|Any CPU
		{D4C656BD-1B26-4F01-B2AB-E3243352EB31}.Release|Any CPU.Build.0 = Release|Any CPU
		{EDCDCA2F-F9E7-4E72-BA06-9CCC0E4DC2A6}.Debug|Any CPU.ActiveCfg = Debug|Any CPU
		{EDCDCA2F-F9E7-4E72-BA06-9CCC0E4DC2A6}.Debug|Any CPU.Build.0 = Debug|Any CPU
		{EDCDCA2F-F9E7-4E72-BA06-9CCC0E4DC2A6}.Release|Any CPU.ActiveCfg = Release|Any CPU
		{EDCDCA2F-F9E7-4E72-BA06-9CCC0E4DC2A6}.Release|Any CPU.Build.0 = Release|Any CPU
		{8BD3ED5C-7597-4620-872A-7D11089DF5B1}.Debug|Any CPU.ActiveCfg = Debug|Any CPU
		{8BD3ED5C-7597-4620-872A-7D11089DF5B1}.Debug|Any CPU.Build.0 = Debug|Any CPU
		{8BD3ED5C-7597-4620-872A-7D11089DF5B1}.Release|Any CPU.ActiveCfg = Release|Any CPU
		{8BD3ED5C-7597-4620-872A-7D11089DF5B1}.Release|Any CPU.Build.0 = Release|Any CPU
		{16FEA405-FD7E-412C-94CB-6C3EB816124C}.Debug|Any CPU.ActiveCfg = Debug|Any CPU
		{16FEA405-FD7E-412C-94CB-6C3EB816124C}.Debug|Any CPU.Build.0 = Debug|Any CPU
		{16FEA405-FD7E-412C-94CB-6C3EB816124C}.Release|Any CPU.ActiveCfg = Release|Any CPU
		{16FEA405-FD7E-412C-94CB-6C3EB816124C}.Release|Any CPU.Build.0 = Release|Any CPU
		{A46BA826-DE82-4387-BB8D-CE684C957121}.Debug|Any CPU.ActiveCfg = Debug|Any CPU
		{A46BA826-DE82-4387-BB8D-CE684C957121}.Debug|Any CPU.Build.0 = Debug|Any CPU
		{A46BA826-DE82-4387-BB8D-CE684C957121}.Release|Any CPU.ActiveCfg = Release|Any CPU
		{A46BA826-DE82-4387-BB8D-CE684C957121}.Release|Any CPU.Build.0 = Release|Any CPU
		{F9BD576C-438A-4451-9BE3-3AFF00B2B9E9}.Debug|Any CPU.ActiveCfg = Debug|Any CPU
		{F9BD576C-438A-4451-9BE3-3AFF00B2B9E9}.Debug|Any CPU.Build.0 = Debug|Any CPU
		{F9BD576C-438A-4451-9BE3-3AFF00B2B9E9}.Release|Any CPU.ActiveCfg = Release|Any CPU
		{F9BD576C-438A-4451-9BE3-3AFF00B2B9E9}.Release|Any CPU.Build.0 = Release|Any CPU
		{C2CB1065-EC92-4F50-BD87-1A6236BB61DF}.Debug|Any CPU.ActiveCfg = Debug|Any CPU
		{C2CB1065-EC92-4F50-BD87-1A6236BB61DF}.Debug|Any CPU.Build.0 = Debug|Any CPU
		{C2CB1065-EC92-4F50-BD87-1A6236BB61DF}.Release|Any CPU.ActiveCfg = Release|Any CPU
		{C2CB1065-EC92-4F50-BD87-1A6236BB61DF}.Release|Any CPU.Build.0 = Release|Any CPU
		{EC0ED6E5-4B2B-4DBA-9A16-DB78F05FF2D6}.Debug|Any CPU.ActiveCfg = Debug|Any CPU
		{EC0ED6E5-4B2B-4DBA-9A16-DB78F05FF2D6}.Debug|Any CPU.Build.0 = Debug|Any CPU
		{EC0ED6E5-4B2B-4DBA-9A16-DB78F05FF2D6}.Release|Any CPU.ActiveCfg = Release|Any CPU
		{EC0ED6E5-4B2B-4DBA-9A16-DB78F05FF2D6}.Release|Any CPU.Build.0 = Release|Any CPU
		{D91153CD-9D6F-481F-8382-3D6EB08D009C}.Debug|Any CPU.ActiveCfg = Debug|Any CPU
		{D91153CD-9D6F-481F-8382-3D6EB08D009C}.Debug|Any CPU.Build.0 = Debug|Any CPU
		{D91153CD-9D6F-481F-8382-3D6EB08D009C}.Release|Any CPU.ActiveCfg = Release|Any CPU
		{D91153CD-9D6F-481F-8382-3D6EB08D009C}.Release|Any CPU.Build.0 = Release|Any CPU
	EndGlobalSection
	GlobalSection(SolutionProperties) = preSolution
		HideSolutionNode = FALSE
	EndGlobalSection
	GlobalSection(NestedProjects) = preSolution
		{CEA44071-845B-4194-B50E-21DF3BAE2D6F} = {02EA681E-C7D8-13C7-8484-4AC65E1B71E8}
		{77D17845-FB3B-42E0-A0BD-E12A42E1EE20} = {13E5B233-FA52-4BED-AAFA-E7C5EB4159CC}
		{D4C656BD-1B26-4F01-B2AB-E3243352EB31} = {27233600-ADB3-4B24-BA43-2AD81D40A6E8}
		{EDCDCA2F-F9E7-4E72-BA06-9CCC0E4DC2A6} = {27233600-ADB3-4B24-BA43-2AD81D40A6E8}
		{8BD3ED5C-7597-4620-872A-7D11089DF5B1} = {27233600-ADB3-4B24-BA43-2AD81D40A6E8}
		{16FEA405-FD7E-412C-94CB-6C3EB816124C} = {BDA37E5B-9F28-4BD7-A58D-65DCA3E9CF52}
		{A46BA826-DE82-4387-BB8D-CE684C957121} = {BDA37E5B-9F28-4BD7-A58D-65DCA3E9CF52}
		{F9BD576C-438A-4451-9BE3-3AFF00B2B9E9} = {BDA37E5B-9F28-4BD7-A58D-65DCA3E9CF52}
		{C2CB1065-EC92-4F50-BD87-1A6236BB61DF} = {B21F9488-8EDB-42D2-84FB-EE663C933874}
		{EC0ED6E5-4B2B-4DBA-9A16-DB78F05FF2D6} = {B21F9488-8EDB-42D2-84FB-EE663C933874}
		{D91153CD-9D6F-481F-8382-3D6EB08D009C} = {B21F9488-8EDB-42D2-84FB-EE663C933874}
	EndGlobalSection
	GlobalSection(ExtensibilityGlobals) = postSolution
		SolutionGuid = {1C8E1FF7-ED70-4708-B251-86D29FF77B63}
	EndGlobalSection
EndGlobal
